
Microsoft Visual Studio Solution File, Format Version 12.00
# Visual Studio 2013
VisualStudioVersion = 12.0.21005.1
MinimumVisualStudioVersion = 10.0.40219.1
Project("{FAE04EC0-301F-11D3-BF4B-00C04F79EFBC}") = "TimerClock", "TimerClock\TimerClock.csproj", "{AD177F40-9743-446B-90D1-DA6D4D279CEE}"
EndProject
Project("{54435603-DBB4-11D2-8724-00A0C9A8B90C}") = "Timer Setup", "Timer Setup\Timer Setup.vdproj", "{45180147-F481-4BC3-9263-10124E570A57}"
EndProject
Global
	GlobalSection(SolutionConfigurationPlatforms) = preSolution
		Debug|Any CPU = Debug|Any CPU
		Release|Any CPU = Release|Any CPU
	EndGlobalSection
	GlobalSection(ProjectConfigurationPlatforms) = postSolution
		{AD177F40-9743-446B-90D1-DA6D4D279CEE}.Debug|Any CPU.ActiveCfg = Debug|Any CPU
		{AD177F40-9743-446B-90D1-DA6D4D279CEE}.Debug|Any CPU.Build.0 = Debug|Any CPU
		{AD177F40-9743-446B-90D1-DA6D4D279CEE}.Release|Any CPU.ActiveCfg = Release|Any CPU
		{AD177F40-9743-446B-90D1-DA6D4D279CEE}.Release|Any CPU.Build.0 = Release|Any CPU
		{45180147-F481-4BC3-9263-10124E570A57}.Debug|Any CPU.ActiveCfg = Debug
		{45180147-F481-4BC3-9263-10124E570A57}.Release|Any CPU.ActiveCfg = Release
	EndGlobalSection
	GlobalSection(SolutionProperties) = preSolution
		HideSolutionNode = FALSE
	EndGlobalSection
	GlobalSection(ExtensibilityGlobals) = postSolution
		SolutionGuid = {6B2CF2F2-0362-4184-A937-C6463FAE2CA7}
	EndGlobalSection
EndGlobal
